
Microsoft Visual Studio Solution File, Format Version 12.00
# Visual Studio Version 17
VisualStudioVersion = 17.4.33122.133
MinimumVisualStudioVersion = 10.0.40219.1
Project("{FAE04EC0-301F-11D3-BF4B-00C04F79EFBC}") = "BlazorAudioPlayer", "BlazorAudioPlayer\BlazorAudioPlayer.csproj", "{A78CDD7B-1F3A-43F0-A664-BA3BC03AB7D9}"
EndProject
Global
	GlobalSection(SolutionConfigurationPlatforms) = preSolution
		Debug|Any CPU = Debug|Any CPU
		Release|Any CPU = Release|Any CPU
	EndGlobalSection
	GlobalSection(ProjectConfigurationPlatforms) = postSolution
		{A78CDD7B-1F3A-43F0-A664-BA3BC03AB7D9}.Debug|Any CPU.ActiveCfg = Debug|Any CPU
		{A78CDD7B-1F3A-43F0-A664-BA3BC03AB7D9}.Debug|Any CPU.Build.0 = Debug|Any CPU
		{A78CDD7B-1F3A-43F0-A664-BA3BC03AB7D9}.Release|Any CPU.ActiveCfg = Release|Any CPU
		{A78CDD7B-1F3A-43F0-A664-BA3BC03AB7D9}.Release|Any CPU.Build.0 = Release|Any CPU
	EndGlobalSection
	GlobalSection(SolutionProperties) = preSolution
		HideSolutionNode = FALSE
	EndGlobalSection
	GlobalSection(ExtensibilityGlobals) = postSolution
		SolutionGuid = {F4F5A16B-E8C4-4F55-A56F-F40069DA6289}
	EndGlobalSection
EndGlobal
